// !$*UTF8*$!
{
	archiveVersion = 1;
	classes = {
	};
	objectVersion = 56;
	objects = {

/* Begin PBXBuildFile section */
		61FA9EF62C1633D800577523 /* notification_redirectApp.swift in Sources */ = {isa = PBXBuildFile; fileRef = 61FA9EF52C1633D800577523 /* notification_redirectApp.swift */; };
		61FA9EF82C1633D800577523 /* ContentView.swift in Sources */ = {isa = PBXBuildFile; fileRef = 61FA9EF72C1633D800577523 /* ContentView.swift */; };
		61FA9EFA2C1633DA00577523 /* Assets.xcassets in Resources */ = {isa = PBXBuildFile; fileRef = 61FA9EF92C1633DA00577523 /* Assets.xcassets */; };
		61FA9EFD2C1633DA00577523 /* Preview Assets.xcassets in Resources */ = {isa = PBXBuildFile; fileRef = 61FA9EFC2C1633DA00577523 /* Preview Assets.xcassets */; };
		61FA9F072C1633DA00577523 /* notification_redirectTests.swift in Sources */ = {isa = PBXBuildFile; fileRef = 61FA9F062C1633DA00577523 /* notification_redirectTests.swift */; };
		61FA9F112C1633DA00577523 /* notification_redirectUITests.swift in Sources */ = {isa = PBXBuildFile; fileRef = 61FA9F102C1633DA00577523 /* notification_redirectUITests.swift */; };
		61FA9F132C1633DA00577523 /* notification_redirectUITestsLaunchTests.swift in Sources */ = {isa = PBXBuildFile; fileRef = 61FA9F122C1633DA00577523 /* notification_redirectUITestsLaunchTests.swift */; };
/* End PBXBuildFile section */

/* Begin PBXContainerItemProxy section */
		61FA9F032C1633DA00577523 /* PBXContainerItemProxy */ = {
			isa = PBXContainerItemProxy;
			containerPortal = 61FA9EEA2C1633D800577523 /* Project object */;
			proxyType = 1;
			remoteGlobalIDString = 61FA9EF12C1633D800577523;
			remoteInfo = "notification-redirect";
		};
		61FA9F0D2C1633DA00577523 /* PBXContainerItemProxy */ = {
			isa = PBXContainerItemProxy;
			containerPortal = 61FA9EEA2C1633D800577523 /* Project object */;
			proxyType = 1;
			remoteGlobalIDString = 61FA9EF12C1633D800577523;
			remoteInfo = "notification-redirect";
		};
/* End PBXContainerItemProxy section */

/* Begin PBXFileReference section */
		61FA9EF22C1633D800577523 /* notification-redirect.app */ = {isa = PBXFileReference; explicitFileType = wrapper.application; includeInIndex = 0; path = "notification-redirect.app"; sourceTree = BUILT_PRODUCTS_DIR; };
		61FA9EF52C1633D800577523 /* notification_redirectApp.swift */ = {isa = PBXFileReference; lastKnownFileType = sourcecode.swift; path = notification_redirectApp.swift; sourceTree = "<group>"; };
		61FA9EF72C1633D800577523 /* ContentView.swift */ = {isa = PBXFileReference; lastKnownFileType = sourcecode.swift; path = ContentView.swift; sourceTree = "<group>"; };
		61FA9EF92C1633DA00577523 /* Assets.xcassets */ = {isa = PBXFileReference; lastKnownFileType = folder.assetcatalog; path = Assets.xcassets; sourceTree = "<group>"; };
		61FA9EFC2C1633DA00577523 /* Preview Assets.xcassets */ = {isa = PBXFileReference; lastKnownFileType = folder.assetcatalog; path = "Preview Assets.xcassets"; sourceTree = "<group>"; };
		61FA9F022C1633DA00577523 /* notification-redirectTests.xctest */ = {isa = PBXFileReference; explicitFileType = wrapper.cfbundle; includeInIndex = 0; path = "notification-redirectTests.xctest"; sourceTree = BUILT_PRODUCTS_DIR; };
		61FA9F062C1633DA00577523 /* notification_redirectTests.swift */ = {isa = PBXFileReference; lastKnownFileType = sourcecode.swift; path = notification_redirectTests.swift; sourceTree = "<group>"; };
		61FA9F0C2C1633DA00577523 /* notification-redirectUITests.xctest */ = {isa = PBXFileReference; explicitFileType = wrapper.cfbundle; includeInIndex = 0; path = "notification-redirectUITests.xctest"; sourceTree = BUILT_PRODUCTS_DIR; };
		61FA9F102C1633DA00577523 /* notification_redirectUITests.swift */ = {isa = PBXFileReference; lastKnownFileType = sourcecode.swift; path = notification_redirectUITests.swift; sourceTree = "<group>"; };
		61FA9F122C1633DA00577523 /* notification_redirectUITestsLaunchTests.swift */ = {isa = PBXFileReference; lastKnownFileType = sourcecode.swift; path = notification_redirectUITestsLaunchTests.swift; sourceTree = "<group>"; };
/* End PBXFileReference section */

/* Begin PBXFrameworksBuildPhase section */
		61FA9EEF2C1633D800577523 /* Frameworks */ = {
			isa = PBXFrameworksBuildPhase;
			buildActionMask = 2147483647;
			files = (
			);
			runOnlyForDeploymentPostprocessing = 0;
		};
		61FA9EFF2C1633DA00577523 /* Frameworks */ = {
			isa = PBXFrameworksBuildPhase;
			buildActionMask = 2147483647;
			files = (
			);
			runOnlyForDeploymentPostprocessing = 0;
		};
		61FA9F092C1633DA00577523 /* Frameworks */ = {
			isa = PBXFrameworksBuildPhase;
			buildActionMask = 2147483647;
			files = (
			);
			runOnlyForDeploymentPostprocessing = 0;
		};
/* End PBXFrameworksBuildPhase section */

/* Begin PBXGroup section */
		61FA9EE92C1633D800577523 = {
			isa = PBXGroup;
			children = (
				61FA9EF42C1633D800577523 /* notification-redirect */,
				61FA9F052C1633DA00577523 /* notification-redirectTests */,
				61FA9F0F2C1633DA00577523 /* notification-redirectUITests */,
				61FA9EF32C1633D800577523 /* Products */,
			);
			sourceTree = "<group>";
		};
		61FA9EF32C1633D800577523 /* Products */ = {
			isa = PBXGroup;
			children = (
				61FA9EF22C1633D800577523 /* notification-redirect.app */,
				61FA9F022C1633DA00577523 /* notification-redirectTests.xctest */,
				61FA9F0C2C1633DA00577523 /* notification-redirectUITests.xctest */,
			);
			name = Products;
			sourceTree = "<group>";
		};
		61FA9EF42C1633D800577523 /* notification-redirect */ = {
			isa = PBXGroup;
			children = (
				61FA9EF52C1633D800577523 /* notification_redirectApp.swift */,
				61FA9EF72C1633D800577523 /* ContentView.swift */,
				61FA9EF92C1633DA00577523 /* Assets.xcassets */,
				61FA9EFB2C1633DA00577523 /* Preview Content */,
			);
			path = "notification-redirect";
			sourceTree = "<group>";
		};
		61FA9EFB2C1633DA00577523 /* Preview Content */ = {
			isa = PBXGroup;
			children = (
				61FA9EFC2C1633DA00577523 /* Preview Assets.xcassets */,
			);
			path = "Preview Content";
			sourceTree = "<group>";
		};
		61FA9F052C1633DA00577523 /* notification-redirectTests */ = {
			isa = PBXGroup;
			children = (
				61FA9F062C1633DA00577523 /* notification_redirectTests.swift */,
			);
			path = "notification-redirectTests";
			sourceTree = "<group>";
		};
		61FA9F0F2C1633DA00577523 /* notification-redirectUITests */ = {
			isa = PBXGroup;
			children = (
				61FA9F102C1633DA00577523 /* notification_redirectUITests.swift */,
				61FA9F122C1633DA00577523 /* notification_redirectUITestsLaunchTests.swift */,
			);
			path = "notification-redirectUITests";
			sourceTree = "<group>";
		};
/* End PBXGroup section */

/* Begin PBXNativeTarget section */
		61FA9EF12C1633D800577523 /* notification-redirect */ = {
			isa = PBXNativeTarget;
			buildConfigurationList = 61FA9F162C1633DA00577523 /* Build configuration list for PBXNativeTarget "notification-redirect" */;
			buildPhases = (
				61FA9EEE2C1633D800577523 /* Sources */,
				61FA9EEF2C1633D800577523 /* Frameworks */,
				61FA9EF02C1633D800577523 /* Resources */,
			);
			buildRules = (
			);
			dependencies = (
			);
			name = "notification-redirect";
			productName = "notification-redirect";
			productReference = 61FA9EF22C1633D800577523 /* notification-redirect.app */;
			productType = "com.apple.product-type.application";
		};
		61FA9F012C1633DA00577523 /* notification-redirectTests */ = {
			isa = PBXNativeTarget;
			buildConfigurationList = 61FA9F192C1633DA00577523 /* Build configuration list for PBXNativeTarget "notification-redirectTests" */;
			buildPhases = (
				61FA9EFE2C1633DA00577523 /* Sources */,
				61FA9EFF2C1633DA00577523 /* Frameworks */,
				61FA9F002C1633DA00577523 /* Resources */,
			);
			buildRules = (
			);
			dependencies = (
				61FA9F042C1633DA00577523 /* PBXTargetDependency */,
			);
			name = "notification-redirectTests";
			productName = "notification-redirectTests";
			productReference = 61FA9F022C1633DA00577523 /* notification-redirectTests.xctest */;
			productType = "com.apple.product-type.bundle.unit-test";
		};
		61FA9F0B2C1633DA00577523 /* notification-redirectUITests */ = {
			isa = PBXNativeTarget;
			buildConfigurationList = 61FA9F1C2C1633DA00577523 /* Build configuration list for PBXNativeTarget "notification-redirectUITests" */;
			buildPhases = (
				61FA9F082C1633DA00577523 /* Sources */,
				61FA9F092C1633DA00577523 /* Frameworks */,
				61FA9F0A2C1633DA00577523 /* Resources */,
			);
			buildRules = (
			);
			dependencies = (
				61FA9F0E2C1633DA00577523 /* PBXTargetDependency */,
			);
			name = "notification-redirectUITests";
			productName = "notification-redirectUITests";
			productReference = 61FA9F0C2C1633DA00577523 /* notification-redirectUITests.xctest */;
			productType = "com.apple.product-type.bundle.ui-testing";
		};
/* End PBXNativeTarget section */

/* Begin PBXProject section */
		61FA9EEA2C1633D800577523 /* Project object */ = {
			isa = PBXProject;
			attributes = {
				BuildIndependentTargetsInParallel = 1;
				LastSwiftUpdateCheck = 1530;
				LastUpgradeCheck = 1530;
				TargetAttributes = {
					61FA9EF12C1633D800577523 = {
						CreatedOnToolsVersion = 15.3;
					};
					61FA9F012C1633DA00577523 = {
						CreatedOnToolsVersion = 15.3;
						TestTargetID = 61FA9EF12C1633D800577523;
					};
					61FA9F0B2C1633DA00577523 = {
						CreatedOnToolsVersion = 15.3;
						TestTargetID = 61FA9EF12C1633D800577523;
					};
				};
			};
			buildConfigurationList = 61FA9EED2C1633D800577523 /* Build configuration list for PBXProject "notification-redirect" */;
			compatibilityVersion = "Xcode 14.0";
			developmentRegion = en;
			hasScannedForEncodings = 0;
			knownRegions = (
				en,
				Base,
			);
			mainGroup = 61FA9EE92C1633D800577523;
			productRefGroup = 61FA9EF32C1633D800577523 /* Products */;
			projectDirPath = "";
			projectRoot = "";
			targets = (
				61FA9EF12C1633D800577523 /* notification-redirect */,
				61FA9F012C1633DA00577523 /* notification-redirectTests */,
				61FA9F0B2C1633DA00577523 /* notification-redirectUITests */,
			);
		};
/* End PBXProject section */

/* Begin PBXResourcesBuildPhase section */
		61FA9EF02C1633D800577523 /* Resources */ = {
			isa = PBXResourcesBuildPhase;
			buildActionMask = 2147483647;
			files = (
				61FA9EFD2C1633DA00577523 /* Preview Assets.xcassets in Resources */,
				61FA9EFA2C1633DA00577523 /* Assets.xcassets in Resources */,
			);
			runOnlyForDeploymentPostprocessing = 0;
		};
		61FA9F002C1633DA00577523 /* Resources */ = {
			isa = PBXResourcesBuildPhase;
			buildActionMask = 2147483647;
			files = (
			);
			runOnlyForDeploymentPostprocessing = 0;
		};
		61FA9F0A2C1633DA00577523 /* Resources */ = {
			isa = PBXResourcesBuildPhase;
			buildActionMask = 2147483647;
			files = (
			);
			runOnlyForDeploymentPostprocessing = 0;
		};
/* End PBXResourcesBuildPhase section */

/* Begin PBXSourcesBuildPhase section */
		61FA9EEE2C1633D800577523 /* Sources */ = {
			isa = PBXSourcesBuildPhase;
			buildActionMask = 2147483647;
			files = (
				61FA9EF82C1633D800577523 /* ContentView.swift in Sources */,
				61FA9EF62C1633D800577523 /* notification_redirectApp.swift in Sources */,
			);
			runOnlyForDeploymentPostprocessing = 0;
		};
		61FA9EFE2C1633DA00577523 /* Sources */ = {
			isa = PBXSourcesBuildPhase;
			buildActionMask = 2147483647;
			files = (
				61FA9F072C1633DA00577523 /* notification_redirectTests.swift in Sources */,
			);
			runOnlyForDeploymentPostprocessing = 0;
		};
		61FA9F082C1633DA00577523 /* Sources */ = {
			isa = PBXSourcesBuildPhase;
			buildActionMask = 2147483647;
			files = (
				61FA9F112C1633DA00577523 /* notification_redirectUITests.swift in Sources */,
				61FA9F132C1633DA00577523 /* notification_redirectUITestsLaunchTests.swift in Sources */,
			);
			runOnlyForDeploymentPostprocessing = 0;
		};
/* End PBXSourcesBuildPhase section */

/* Begin PBXTargetDependency section */
		61FA9F042C1633DA00577523 /* PBXTargetDependency */ = {
			isa = PBXTargetDependency;
			target = 61FA9EF12C1633D800577523 /* notification-redirect */;
			targetProxy = 61FA9F032C1633DA00577523 /* PBXContainerItemProxy */;
		};
		61FA9F0E2C1633DA00577523 /* PBXTargetDependency */ = {
			isa = PBXTargetDependency;
			target = 61FA9EF12C1633D800577523 /* notification-redirect */;
			targetProxy = 61FA9F0D2C1633DA00577523 /* PBXContainerItemProxy */;
		};
/* End PBXTargetDependency section */

/* Begin XCBuildConfiguration section */
		61FA9F142C1633DA00577523 /* Debug */ = {
			isa = XCBuildConfiguration;
			buildSettings = {
				ALWAYS_SEARCH_USER_PATHS = NO;
				ASSETCATALOG_COMPILER_GENERATE_SWIFT_ASSET_SYMBOL_EXTENSIONS = YES;
				CLANG_ANALYZER_NONNULL = YES;
				CLANG_ANALYZER_NUMBER_OBJECT_CONVERSION = YES_AGGRESSIVE;
				CLANG_CXX_LANGUAGE_STANDARD = "gnu++20";
				CLANG_ENABLE_MODULES = YES;
				CLANG_ENABLE_OBJC_ARC = YES;
				CLANG_ENABLE_OBJC_WEAK = YES;
				CLANG_WARN_BLOCK_CAPTURE_AUTORELEASING = YES;
				CLANG_WARN_BOOL_CONVERSION = YES;
				CLANG_WARN_COMMA = YES;
				CLANG_WARN_CONSTANT_CONVERSION = YES;
				CLANG_WARN_DEPRECATED_OBJC_IMPLEMENTATIONS = YES;
				CLANG_WARN_DIRECT_OBJC_ISA_USAGE = YES_ERROR;
				CLANG_WARN_DOCUMENTATION_COMMENTS = YES;
				CLANG_WARN_EMPTY_BODY = YES;
				CLANG_WARN_ENUM_CONVERSION = YES;
				CLANG_WARN_INFINITE_RECURSION = YES;
				CLANG_WARN_INT_CONVERSION = YES;
				CLANG_WARN_NON_LITERAL_NULL_CONVERSION = YES;
				CLANG_WARN_OBJC_IMPLICIT_RETAIN_SELF = YES;
				CLANG_WARN_OBJC_LITERAL_CONVERSION = YES;
				CLANG_WARN_OBJC_ROOT_CLASS = YES_ERROR;
				CLANG_WARN_QUOTED_INCLUDE_IN_FRAMEWORK_HEADER = YES;
				CLANG_WARN_RANGE_LOOP_ANALYSIS = YES;
				CLANG_WARN_STRICT_PROTOTYPES = YES;
				CLANG_WARN_SUSPICIOUS_MOVE = YES;
				CLANG_WARN_UNGUARDED_AVAILABILITY = YES_AGGRESSIVE;
				CLANG_WARN_UNREACHABLE_CODE = YES;
				CLANG_WARN__DUPLICATE_METHOD_MATCH = YES;
				COPY_PHASE_STRIP = NO;
				DEBUG_INFORMATION_FORMAT = dwarf;
				ENABLE_STRICT_OBJC_MSGSEND = YES;
				ENABLE_TESTABILITY = YES;
				ENABLE_USER_SCRIPT_SANDBOXING = YES;
				GCC_C_LANGUAGE_STANDARD = gnu17;
				GCC_DYNAMIC_NO_PIC = NO;
				GCC_NO_COMMON_BLOCKS = YES;
				GCC_OPTIMIZATION_LEVEL = 0;
				GCC_PREPROCESSOR_DEFINITIONS = (
					"DEBUG=1",
					"$(inherited)",
				);
				GCC_WARN_64_TO_32_BIT_CONVERSION = YES;
				GCC_WARN_ABOUT_RETURN_TYPE = YES_ERROR;
				GCC_WARN_UNDECLARED_SELECTOR = YES;
				GCC_WARN_UNINITIALIZED_AUTOS = YES_AGGRESSIVE;
				GCC_WARN_UNUSED_FUNCTION = YES;
				GCC_WARN_UNUSED_VARIABLE = YES;
				IPHONEOS_DEPLOYMENT_TARGET = 17.4;
				LOCALIZATION_PREFERS_STRING_CATALOGS = YES;
				MTL_ENABLE_DEBUG_INFO = INCLUDE_SOURCE;
				MTL_FAST_MATH = YES;
				ONLY_ACTIVE_ARCH = YES;
				SDKROOT = iphoneos;
				SWIFT_ACTIVE_COMPILATION_CONDITIONS = "DEBUG $(inherited)";
				SWIFT_OPTIMIZATION_LEVEL = "-Onone";
			};
			name = Debug;
		};
		61FA9F152C1633DA00577523 /* Release */ = {
			isa = XCBuildConfiguration;
			buildSettings = {
				ALWAYS_SEARCH_USER_PATHS = NO;
				ASSETCATALOG_COMPILER_GENERATE_SWIFT_ASSET_SYMBOL_EXTENSIONS = YES;
				CLANG_ANALYZER_NONNULL = YES;
				CLANG_ANALYZER_NUMBER_OBJECT_CONVERSION = YES_AGGRESSIVE;
				CLANG_CXX_LANGUAGE_STANDARD = "gnu++20";
				CLANG_ENABLE_MODULES = YES;
				CLANG_ENABLE_OBJC_ARC = YES;
				CLANG_ENABLE_OBJC_WEAK = YES;
				CLANG_WARN_BLOCK_CAPTURE_AUTORELEASING = YES;
				CLANG_WARN_BOOL_CONVERSION = YES;
				CLANG_WARN_COMMA = YES;
				CLANG_WARN_CONSTANT_CONVERSION = YES;
				CLANG_WARN_DEPRECATED_OBJC_IMPLEMENTATIONS = YES;
				CLANG_WARN_DIRECT_OBJC_ISA_USAGE = YES_ERROR;
				CLANG_WARN_DOCUMENTATION_COMMENTS = YES;
				CLANG_WARN_EMPTY_BODY = YES;
				CLANG_WARN_ENUM_CONVERSION = YES;
				CLANG_WARN_INFINITE_RECURSION = YES;
				CLANG_WARN_INT_CONVERSION = YES;
				CLANG_WARN_NON_LITERAL_NULL_CONVERSION = YES;
				CLANG_WARN_OBJC_IMPLICIT_RETAIN_SELF = YES;
				CLANG_WARN_OBJC_LITERAL_CONVERSION = YES;
				CLANG_WARN_OBJC_ROOT_CLASS = YES_ERROR;
				CLANG_WARN_QUOTED_INCLUDE_IN_FRAMEWORK_HEADER = YES;
				CLANG_WARN_RANGE_LOOP_ANALYSIS = YES;
				CLANG_WARN_STRICT_PROTOTYPES = YES;
				CLANG_WARN_SUSPICIOUS_MOVE = YES;
				CLANG_WARN_UNGUARDED_AVAILABILITY = YES_AGGRESSIVE;
				CLANG_WARN_UNREACHABLE_CODE = YES;
				CLANG_WARN__DUPLICATE_METHOD_MATCH = YES;
				COPY_PHASE_STRIP = NO;
				DEBUG_INFORMATION_FORMAT = "dwarf-with-dsym";
				ENABLE_NS_ASSERTIONS = NO;
				ENABLE_STRICT_OBJC_MSGSEND = YES;
				ENABLE_USER_SCRIPT_SANDBOXING = YES;
				GCC_C_LANGUAGE_STANDARD = gnu17;
				GCC_NO_COMMON_BLOCKS = YES;
				GCC_WARN_64_TO_32_BIT_CONVERSION = YES;
				GCC_WARN_ABOUT_RETURN_TYPE = YES_ERROR;
				GCC_WARN_UNDECLARED_SELECTOR = YES;
				GCC_WARN_UNINITIALIZED_AUTOS = YES_AGGRESSIVE;
				GCC_WARN_UNUSED_FUNCTION = YES;
				GCC_WARN_UNUSED_VARIABLE = YES;
				IPHONEOS_DEPLOYMENT_TARGET = 17.4;
				LOCALIZATION_PREFERS_STRING_CATALOGS = YES;
				MTL_ENABLE_DEBUG_INFO = NO;
				MTL_FAST_MATH = YES;
				SDKROOT = iphoneos;
				SWIFT_COMPILATION_MODE = wholemodule;
				VALIDATE_PRODUCT = YES;
			};
			name = Release;
		};
		61FA9F172C1633DA00577523 /* Debug */ = {
			isa = XCBuildConfiguration;
			buildSettings = {
				ASSETCATALOG_COMPILER_APPICON_NAME = AppIcon;
				ASSETCATALOG_COMPILER_GLOBAL_ACCENT_COLOR_NAME = AccentColor;
				CODE_SIGN_STYLE = Automatic;
				CURRENT_PROJECT_VERSION = 1;
				DEVELOPMENT_ASSET_PATHS = "\"notification-redirect/Preview Content\"";
				ENABLE_PREVIEWS = YES;
				GENERATE_INFOPLIST_FILE = YES;
				INFOPLIST_KEY_UIApplicationSceneManifest_Generation = YES;
				INFOPLIST_KEY_UIApplicationSupportsIndirectInputEvents = YES;
				INFOPLIST_KEY_UILaunchScreen_Generation = YES;
				INFOPLIST_KEY_UISupportedInterfaceOrientations_iPad = "UIInterfaceOrientationPortrait UIInterfaceOrientationPortraitUpsideDown UIInterfaceOrientationLandscapeLeft UIInterfaceOrientationLandscapeRight";
				INFOPLIST_KEY_UISupportedInterfaceOrientations_iPhone = "UIInterfaceOrientationPortrait UIInterfaceOrientationLandscapeLeft UIInterfaceOrientationLandscapeRight";
				LD_RUNPATH_SEARCH_PATHS = (
					"$(inherited)",
					"@executable_path/Frameworks",
				);
				MARKETING_VERSION = 1.0;
				PRODUCT_BUNDLE_IDENTIFIER = "mrotante.notification-redirect";
				PRODUCT_NAME = "$(TARGET_NAME)";
				SWIFT_EMIT_LOC_STRINGS = YES;
				SWIFT_VERSION = 5.0;
				TARGETED_DEVICE_FAMILY = "1,2";
			};
			name = Debug;
		};
		61FA9F182C1633DA00577523 /* Release */ = {
			isa = XCBuildConfiguration;
			buildSettings = {
				ASSETCATALOG_COMPILER_APPICON_NAME = AppIcon;
				ASSETCATALOG_COMPILER_GLOBAL_ACCENT_COLOR_NAME = AccentColor;
				CODE_SIGN_STYLE = Automatic;
				CURRENT_PROJECT_VERSION = 1;
				DEVELOPMENT_ASSET_PATHS = "\"notification-redirect/Preview Content\"";
				ENABLE_PREVIEWS = YES;
				GENERATE_INFOPLIST_FILE = YES;
				INFOPLIST_KEY_UIApplicationSceneManifest_Generation = YES;
				INFOPLIST_KEY_UIApplicationSupportsIndirectInputEvents = YES;
				INFOPLIST_KEY_UILaunchScreen_Generation = YES;
				INFOPLIST_KEY_UISupportedInterfaceOrientations_iPad = "UIInterfaceOrientationPortrait UIInterfaceOrientationPortraitUpsideDown UIInterfaceOrientationLandscapeLeft UIInterfaceOrientationLandscapeRight";
				INFOPLIST_KEY_UISupportedInterfaceOrientations_iPhone = "UIInterfaceOrientationPortrait UIInterfaceOrientationLandscapeLeft UIInterfaceOrientationLandscapeRight";
				LD_RUNPATH_SEARCH_PATHS = (
					"$(inherited)",
					"@executable_path/Frameworks",
				);
				MARKETING_VERSION = 1.0;
				PRODUCT_BUNDLE_IDENTIFIER = "mrotante.notification-redirect";
				PRODUCT_NAME = "$(TARGET_NAME)";
				SWIFT_EMIT_LOC_STRINGS = YES;
				SWIFT_VERSION = 5.0;
				TARGETED_DEVICE_FAMILY = "1,2";
			};
			name = Release;
		};
		61FA9F1A2C1633DA00577523 /* Debug */ = {
			isa = XCBuildConfiguration;
			buildSettings = {
				ALWAYS_EMBED_SWIFT_STANDARD_LIBRARIES = YES;
				BUNDLE_LOADER = "$(TEST_HOST)";
				CODE_SIGN_STYLE = Automatic;
				CURRENT_PROJECT_VERSION = 1;
				GENERATE_INFOPLIST_FILE = YES;
				IPHONEOS_DEPLOYMENT_TARGET = 17.4;
				MARKETING_VERSION = 1.0;
				PRODUCT_BUNDLE_IDENTIFIER = "mrotante.notification-redirectTests";
				PRODUCT_NAME = "$(TARGET_NAME)";
				SWIFT_EMIT_LOC_STRINGS = NO;
				SWIFT_VERSION = 5.0;
				TARGETED_DEVICE_FAMILY = "1,2";
				TEST_HOST = "$(BUILT_PRODUCTS_DIR)/notification-redirect.app/$(BUNDLE_EXECUTABLE_FOLDER_PATH)/notification-redirect";
			};
			name = Debug;
		};
		61FA9F1B2C1633DA00577523 /* Release */ = {
			isa = XCBuildConfiguration;
			buildSettings = {
				ALWAYS_EMBED_SWIFT_STANDARD_LIBRARIES = YES;
				BUNDLE_LOADER = "$(TEST_HOST)";
				CODE_SIGN_STYLE = Automatic;
				CURRENT_PROJECT_VERSION = 1;
				GENERATE_INFOPLIST_FILE = YES;
				IPHONEOS_DEPLOYMENT_TARGET = 17.4;
				MARKETING_VERSION = 1.0;
				PRODUCT_BUNDLE_IDENTIFIER = "mrotante.notification-redirectTests";
				PRODUCT_NAME = "$(TARGET_NAME)";
				SWIFT_EMIT_LOC_STRINGS = NO;
				SWIFT_VERSION = 5.0;
				TARGETED_DEVICE_FAMILY = "1,2";
				TEST_HOST = "$(BUILT_PRODUCTS_DIR)/notification-redirect.app/$(BUNDLE_EXECUTABLE_FOLDER_PATH)/notification-redirect";
			};
			name = Release;
		};
		61FA9F1D2C1633DA00577523 /* Debug */ = {
			isa = XCBuildConfiguration;
			buildSettings = {
				ALWAYS_EMBED_SWIFT_STANDARD_LIBRARIES = YES;
				CODE_SIGN_STYLE = Automatic;
				CURRENT_PROJECT_VERSION = 1;
				GENERATE_INFOPLIST_FILE = YES;
				MARKETING_VERSION = 1.0;
				PRODUCT_BUNDLE_IDENTIFIER = "mrotante.notification-redirectUITests";
				PRODUCT_NAME = "$(TARGET_NAME)";
				SWIFT_EMIT_LOC_STRINGS = NO;
				SWIFT_VERSION = 5.0;
				TARGETED_DEVICE_FAMILY = "1,2";
				TEST_TARGET_NAME = "notification-redirect";
			};
			name = Debug;
		};
		61FA9F1E2C1633DA00577523 /* Release */ = {
			isa = XCBuildConfiguration;
			buildSettings = {
				ALWAYS_EMBED_SWIFT_STANDARD_LIBRARIES = YES;
				CODE_SIGN_STYLE = Automatic;
				CURRENT_PROJECT_VERSION = 1;
				GENERATE_INFOPLIST_FILE = YES;
				MARKETING_VERSION = 1.0;
				PRODUCT_BUNDLE_IDENTIFIER = "mrotante.notification-redirectUITests";
				PRODUCT_NAME = "$(TARGET_NAME)";
				SWIFT_EMIT_LOC_STRINGS = NO;
				SWIFT_VERSION = 5.0;
				TARGETED_DEVICE_FAMILY = "1,2";
				TEST_TARGET_NAME = "notification-redirect";
			};
			name = Release;
		};
/* End XCBuildConfiguration section */

/* Begin XCConfigurationList section */
		61FA9EED2C1633D800577523 /* Build configuration list for PBXProject "notification-redirect" */ = {
			isa = XCConfigurationList;
			buildConfigurations = (
				61FA9F142C1633DA00577523 /* Debug */,
				61FA9F152C1633DA00577523 /* Release */,
			);
			defaultConfigurationIsVisible = 0;
			defaultConfigurationName = Release;
		};
		61FA9F162C1633DA00577523 /* Build configuration list for PBXNativeTarget "notification-redirect" */ = {
			isa = XCConfigurationList;
			buildConfigurations = (
				61FA9F172C1633DA00577523 /* Debug */,
				61FA9F182C1633DA00577523 /* Release */,
			);
			defaultConfigurationIsVisible = 0;
			defaultConfigurationName = Release;
		};
		61FA9F192C1633DA00577523 /* Build configuration list for PBXNativeTarget "notification-redirectTests" */ = {
			isa = XCConfigurationList;
			buildConfigurations = (
				61FA9F1A2C1633DA00577523 /* Debug */,
				61FA9F1B2C1633DA00577523 /* Release */,
			);
			defaultConfigurationIsVisible = 0;
			defaultConfigurationName = Release;
		};
		61FA9F1C2C1633DA00577523 /* Build configuration list for PBXNativeTarget "notification-redirectUITests" */ = {
			isa = XCConfigurationList;
			buildConfigurations = (
				61FA9F1D2C1633DA00577523 /* Debug */,
				61FA9F1E2C1633DA00577523 /* Release */,
			);
			defaultConfigurationIsVisible = 0;
			defaultConfigurationName = Release;
		};
/* End XCConfigurationList section */
	};
	rootObject = 61FA9EEA2C1633D800577523 /* Project object */;
}
